
Microsoft Visual Studio Solution File, Format Version 12.00
# Visual Studio Version 16
VisualStudioVersion = 16.0.31729.503
MinimumVisualStudioVersion = 10.0.40219.1
Project("{FAE04EC0-301F-11D3-BF4B-00C04F79EFBC}") = "Hotel", "Hotel_db\Hotel.csproj", "{1C4ECD12-1DE6-4CE8-9923-7219271CF628}"
EndProject
Global
	GlobalSection(SolutionConfigurationPlatforms) = preSolution
		Debug|Any CPU = Debug|Any CPU
		Release|Any CPU = Release|Any CPU
	EndGlobalSection
	GlobalSection(ProjectConfigurationPlatforms) = postSolution
		{1C4ECD12-1DE6-4CE8-9923-7219271CF628}.Debug|Any CPU.ActiveCfg = Debug|Any CPU
		{1C4ECD12-1DE6-4CE8-9923-7219271CF628}.Debug|Any CPU.Build.0 = Debug|Any CPU
		{1C4ECD12-1DE6-4CE8-9923-7219271CF628}.Release|Any CPU.ActiveCfg = Release|Any CPU
		{1C4ECD12-1DE6-4CE8-9923-7219271CF628}.Release|Any CPU.Build.0 = Release|Any CPU
	EndGlobalSection
	GlobalSection(SolutionProperties) = preSolution
		HideSolutionNode = FALSE
	EndGlobalSection
	GlobalSection(ExtensibilityGlobals) = postSolution
		SolutionGuid = {BFE2B281-AE4E-4BC2-8B63-A5083F00D4CE}
	EndGlobalSection
EndGlobal
